
Microsoft Visual Studio Solution File, Format Version 12.00
# Visual Studio Version 17
VisualStudioVersion = 17.12.35209.166
MinimumVisualStudioVersion = 10.0.40219.1
Project("{FAE04EC0-301F-11D3-BF4B-00C04F79EFBC}") = "CintaDeOpciones_Revit", "CintaDeOpciones_Revit\CintaDeOpciones_Revit.csproj", "{F395A481-0AB7-4820-9328-14FA5A071051}"
EndProject
Global
	GlobalSection(SolutionConfigurationPlatforms) = preSolution
		Debug|Any CPU = Debug|Any CPU
		Release|Any CPU = Release|Any CPU
	EndGlobalSection
	GlobalSection(ProjectConfigurationPlatforms) = postSolution
		{F395A481-0AB7-4820-9328-14FA5A071051}.Debug|Any CPU.ActiveCfg = Debug|Any CPU
		{F395A481-0AB7-4820-9328-14FA5A071051}.Debug|Any CPU.Build.0 = Debug|Any CPU
		{F395A481-0AB7-4820-9328-14FA5A071051}.Release|Any CPU.ActiveCfg = Release|Any CPU
		{F395A481-0AB7-4820-9328-14FA5A071051}.Release|Any CPU.Build.0 = Release|Any CPU
	EndGlobalSection
	GlobalSection(SolutionProperties) = preSolution
		HideSolutionNode = FALSE
	EndGlobalSection
	GlobalSection(ExtensibilityGlobals) = postSolution
		SolutionGuid = {0105FF29-C8F9-4253-89FE-A2C543132DB0}
	EndGlobalSection
EndGlobal
